
Microsoft Visual Studio Solution File, Format Version 12.00
# Visual Studio Version 17
VisualStudioVersion = 17.6.33801.468
MinimumVisualStudioVersion = 10.0.40219.1
Project("{9A19103F-16F7-4668-BE54-9A1E7A4F7556}") = "Qt6uox4f1iujybm", "Qt6uox4f1iujybm.csproj", "{F3FEDDD8-A5D2-40A1-8496-1B9DE593D000}"
EndProject
Global
	GlobalSection(SolutionConfigurationPlatforms) = preSolution
		Debug|Any CPU = Debug|Any CPU
		Release|Any CPU = Release|Any CPU
	EndGlobalSection
	GlobalSection(ProjectConfigurationPlatforms) = postSolution
		{F3FEDDD8-A5D2-40A1-8496-1B9DE593D000}.Debug|Any CPU.ActiveCfg = Debug|Any CPU
		{F3FEDDD8-A5D2-40A1-8496-1B9DE593D000}.Debug|Any CPU.Build.0 = Debug|Any CPU
		{F3FEDDD8-A5D2-40A1-8496-1B9DE593D000}.Release|Any CPU.ActiveCfg = Release|Any CPU
		{F3FEDDD8-A5D2-40A1-8496-1B9DE593D000}.Release|Any CPU.Build.0 = Release|Any CPU
	EndGlobalSection
	GlobalSection(SolutionProperties) = preSolution
		HideSolutionNode = FALSE
	EndGlobalSection
	GlobalSection(ExtensibilityGlobals) = postSolution
		SolutionGuid = {791D69FD-82BF-4FEF-BD3B-84BA0D2D61F0}
	EndGlobalSection
EndGlobal
